// !$*UTF8*$!
{
	archiveVersion = 1;
	classes = {
	};
	objectVersion = 56;
	objects = {

/* Begin PBXBuildFile section */
		582A6B2A2ACDE96300B01A83 /* MoonshotApp.swift in Sources */ = {isa = PBXBuildFile; fileRef = 582A6B292ACDE96300B01A83 /* MoonshotApp.swift */; };
		582A6B2C2ACDE96300B01A83 /* ContentView.swift in Sources */ = {isa = PBXBuildFile; fileRef = 582A6B2B2ACDE96300B01A83 /* ContentView.swift */; };
		582A6B2E2ACDE96400B01A83 /* Assets.xcassets in Resources */ = {isa = PBXBuildFile; fileRef = 582A6B2D2ACDE96400B01A83 /* Assets.xcassets */; };
		582A6B312ACDE96400B01A83 /* Preview Assets.xcassets in Resources */ = {isa = PBXBuildFile; fileRef = 582A6B302ACDE96400B01A83 /* Preview Assets.xcassets */; };
		582A6B3B2ACDE96400B01A83 /* MoonshotTests.swift in Sources */ = {isa = PBXBuildFile; fileRef = 582A6B3A2ACDE96400B01A83 /* MoonshotTests.swift */; };
		582A6B452ACDE96400B01A83 /* MoonshotUITests.swift in Sources */ = {isa = PBXBuildFile; fileRef = 582A6B442ACDE96400B01A83 /* MoonshotUITests.swift */; };
		582A6B472ACDE96400B01A83 /* MoonshotUITestsLaunchTests.swift in Sources */ = {isa = PBXBuildFile; fileRef = 582A6B462ACDE96400B01A83 /* MoonshotUITestsLaunchTests.swift */; };
		582A6B542ACE057100B01A83 /* Astronaut.swift in Sources */ = {isa = PBXBuildFile; fileRef = 582A6B532ACE057100B01A83 /* Astronaut.swift */; };
		58846C102AD4251B00347E8C /* astronauts.json in Resources */ = {isa = PBXBuildFile; fileRef = 58846C0F2AD4251A00347E8C /* astronauts.json */; };
		58846C122AD4260400347E8C /* Bundle+Extension.swift in Sources */ = {isa = PBXBuildFile; fileRef = 58846C112AD4260400347E8C /* Bundle+Extension.swift */; };
		58846C142AD429CC00347E8C /* Mission.swift in Sources */ = {isa = PBXBuildFile; fileRef = 58846C132AD429CC00347E8C /* Mission.swift */; };
		58846C162AD42FE100347E8C /* missions.json in Resources */ = {isa = PBXBuildFile; fileRef = 58846C152AD42FE100347E8C /* missions.json */; };
/* End PBXBuildFile section */

/* Begin PBXContainerItemProxy section */
		582A6B372ACDE96400B01A83 /* PBXContainerItemProxy */ = {
			isa = PBXContainerItemProxy;
			containerPortal = 582A6B1E2ACDE96300B01A83 /* Project object */;
			proxyType = 1;
			remoteGlobalIDString = 582A6B252ACDE96300B01A83;
			remoteInfo = Moonshot;
		};
		582A6B412ACDE96400B01A83 /* PBXContainerItemProxy */ = {
			isa = PBXContainerItemProxy;
			containerPortal = 582A6B1E2ACDE96300B01A83 /* Project object */;
			proxyType = 1;
			remoteGlobalIDString = 582A6B252ACDE96300B01A83;
			remoteInfo = Moonshot;
		};
/* End PBXContainerItemProxy section */

/* Begin PBXFileReference section */
		582A6B262ACDE96300B01A83 /* Moonshot.app */ = {isa = PBXFileReference; explicitFileType = wrapper.application; includeInIndex = 0; path = Moonshot.app; sourceTree = BUILT_PRODUCTS_DIR; };
		582A6B292ACDE96300B01A83 /* MoonshotApp.swift */ = {isa = PBXFileReference; lastKnownFileType = sourcecode.swift; path = MoonshotApp.swift; sourceTree = "<group>"; };
		582A6B2B2ACDE96300B01A83 /* ContentView.swift */ = {isa = PBXFileReference; lastKnownFileType = sourcecode.swift; path = ContentView.swift; sourceTree = "<group>"; };
		582A6B2D2ACDE96400B01A83 /* Assets.xcassets */ = {isa = PBXFileReference; lastKnownFileType = folder.assetcatalog; path = Assets.xcassets; sourceTree = "<group>"; };
		582A6B302ACDE96400B01A83 /* Preview Assets.xcassets */ = {isa = PBXFileReference; lastKnownFileType = folder.assetcatalog; path = "Preview Assets.xcassets"; sourceTree = "<group>"; };
		582A6B362ACDE96400B01A83 /* MoonshotTests.xctest */ = {isa = PBXFileReference; explicitFileType = wrapper.cfbundle; includeInIndex = 0; path = MoonshotTests.xctest; sourceTree = BUILT_PRODUCTS_DIR; };
		582A6B3A2ACDE96400B01A83 /* MoonshotTests.swift */ = {isa = PBXFileReference; lastKnownFileType = sourcecode.swift; path = MoonshotTests.swift; sourceTree = "<group>"; };
		582A6B402ACDE96400B01A83 /* MoonshotUITests.xctest */ = {isa = PBXFileReference; explicitFileType = wrapper.cfbundle; includeInIndex = 0; path = MoonshotUITests.xctest; sourceTree = BUILT_PRODUCTS_DIR; };
		582A6B442ACDE96400B01A83 /* MoonshotUITests.swift */ = {isa = PBXFileReference; lastKnownFileType = sourcecode.swift; path = MoonshotUITests.swift; sourceTree = "<group>"; };
		582A6B462ACDE96400B01A83 /* MoonshotUITestsLaunchTests.swift */ = {isa = PBXFileReference; lastKnownFileType = sourcecode.swift; path = MoonshotUITestsLaunchTests.swift; sourceTree = "<group>"; };
		582A6B532ACE057100B01A83 /* Astronaut.swift */ = {isa = PBXFileReference; lastKnownFileType = sourcecode.swift; path = Astronaut.swift; sourceTree = "<group>"; };
		58846C0F2AD4251A00347E8C /* astronauts.json */ = {isa = PBXFileReference; fileEncoding = 4; lastKnownFileType = text.json; name = astronauts.json; path = "../../Resources/twostraws HackingWithSwift main SwiftUI/project8/Moonshot/astronauts.json"; sourceTree = "<group>"; };
		58846C112AD4260400347E8C /* Bundle+Extension.swift */ = {isa = PBXFileReference; lastKnownFileType = sourcecode.swift; path = "Bundle+Extension.swift"; sourceTree = "<group>"; };
		58846C132AD429CC00347E8C /* Mission.swift */ = {isa = PBXFileReference; lastKnownFileType = sourcecode.swift; path = Mission.swift; sourceTree = "<group>"; };
		58846C152AD42FE100347E8C /* missions.json */ = {isa = PBXFileReference; fileEncoding = 4; lastKnownFileType = text.json; name = missions.json; path = "../../Resources/twostraws HackingWithSwift main SwiftUI/project8/Moonshot/missions.json"; sourceTree = "<group>"; };
/* End PBXFileReference section */

/* Begin PBXFrameworksBuildPhase section */
		582A6B232ACDE96300B01A83 /* Frameworks */ = {
			isa = PBXFrameworksBuildPhase;
			buildActionMask = 2147483647;
			files = (
			);
			runOnlyForDeploymentPostprocessing = 0;
		};
		582A6B332ACDE96400B01A83 /* Frameworks */ = {
			isa = PBXFrameworksBuildPhase;
			buildActionMask = 2147483647;
			files = (
			);
			runOnlyForDeploymentPostprocessing = 0;
		};
		582A6B3D2ACDE96400B01A83 /* Frameworks */ = {
			isa = PBXFrameworksBuildPhase;
			buildActionMask = 2147483647;
			files = (
			);
			runOnlyForDeploymentPostprocessing = 0;
		};
/* End PBXFrameworksBuildPhase section */

/* Begin PBXGroup section */
		582A6B1D2ACDE96300B01A83 = {
			isa = PBXGroup;
			children = (
				582A6B282ACDE96300B01A83 /* Moonshot */,
				582A6B392ACDE96400B01A83 /* MoonshotTests */,
				582A6B432ACDE96400B01A83 /* MoonshotUITests */,
				582A6B272ACDE96300B01A83 /* Products */,
			);
			sourceTree = "<group>";
		};
		582A6B272ACDE96300B01A83 /* Products */ = {
			isa = PBXGroup;
			children = (
				582A6B262ACDE96300B01A83 /* Moonshot.app */,
				582A6B362ACDE96400B01A83 /* MoonshotTests.xctest */,
				582A6B402ACDE96400B01A83 /* MoonshotUITests.xctest */,
			);
			name = Products;
			sourceTree = "<group>";
		};
		582A6B282ACDE96300B01A83 /* Moonshot */ = {
			isa = PBXGroup;
			children = (
				582A6B292ACDE96300B01A83 /* MoonshotApp.swift */,
				582A6B532ACE057100B01A83 /* Astronaut.swift */,
				582A6B2B2ACDE96300B01A83 /* ContentView.swift */,
				58846C132AD429CC00347E8C /* Mission.swift */,
				582A6B2D2ACDE96400B01A83 /* Assets.xcassets */,
				58846C0F2AD4251A00347E8C /* astronauts.json */,
				58846C152AD42FE100347E8C /* missions.json */,
				582A6B2F2ACDE96400B01A83 /* Preview Content */,
				58846C112AD4260400347E8C /* Bundle+Extension.swift */,
			);
			path = Moonshot;
			sourceTree = "<group>";
		};
		582A6B2F2ACDE96400B01A83 /* Preview Content */ = {
			isa = PBXGroup;
			children = (
				582A6B302ACDE96400B01A83 /* Preview Assets.xcassets */,
			);
			path = "Preview Content";
			sourceTree = "<group>";
		};
		582A6B392ACDE96400B01A83 /* MoonshotTests */ = {
			isa = PBXGroup;
			children = (
				582A6B3A2ACDE96400B01A83 /* MoonshotTests.swift */,
			);
			path = MoonshotTests;
			sourceTree = "<group>";
		};
		582A6B432ACDE96400B01A83 /* MoonshotUITests */ = {
			isa = PBXGroup;
			children = (
				582A6B442ACDE96400B01A83 /* MoonshotUITests.swift */,
				582A6B462ACDE96400B01A83 /* MoonshotUITestsLaunchTests.swift */,
			);
			path = MoonshotUITests;
			sourceTree = "<group>";
		};
/* End PBXGroup section */

/* Begin PBXNativeTarget section */
		582A6B252ACDE96300B01A83 /* Moonshot */ = {
			isa = PBXNativeTarget;
			buildConfigurationList = 582A6B4A2ACDE96400B01A83 /* Build configuration list for PBXNativeTarget "Moonshot" */;
			buildPhases = (
				582A6B222ACDE96300B01A83 /* Sources */,
				582A6B232ACDE96300B01A83 /* Frameworks */,
				582A6B242ACDE96300B01A83 /* Resources */,
			);
			buildRules = (
			);
			dependencies = (
			);
			name = Moonshot;
			productName = Moonshot;
			productReference = 582A6B262ACDE96300B01A83 /* Moonshot.app */;
			productType = "com.apple.product-type.application";
		};
		582A6B352ACDE96400B01A83 /* MoonshotTests */ = {
			isa = PBXNativeTarget;
			buildConfigurationList = 582A6B4D2ACDE96400B01A83 /* Build configuration list for PBXNativeTarget "MoonshotTests" */;
			buildPhases = (
				582A6B322ACDE96400B01A83 /* Sources */,
				582A6B332ACDE96400B01A83 /* Frameworks */,
				582A6B342ACDE96400B01A83 /* Resources */,
			);
			buildRules = (
			);
			dependencies = (
				582A6B382ACDE96400B01A83 /* PBXTargetDependency */,
			);
			name = MoonshotTests;
			productName = MoonshotTests;
			productReference = 582A6B362ACDE96400B01A83 /* MoonshotTests.xctest */;
			productType = "com.apple.product-type.bundle.unit-test";
		};
		582A6B3F2ACDE96400B01A83 /* MoonshotUITests */ = {
			isa = PBXNativeTarget;
			buildConfigurationList = 582A6B502ACDE96400B01A83 /* Build configuration list for PBXNativeTarget "MoonshotUITests" */;
			buildPhases = (
				582A6B3C2ACDE96400B01A83 /* Sources */,
				582A6B3D2ACDE96400B01A83 /* Frameworks */,
				582A6B3E2ACDE96400B01A83 /* Resources */,
			);
			buildRules = (
			);
			dependencies = (
				582A6B422ACDE96400B01A83 /* PBXTargetDependency */,
			);
			name = MoonshotUITests;
			productName = MoonshotUITests;
			productReference = 582A6B402ACDE96400B01A83 /* MoonshotUITests.xctest */;
			productType = "com.apple.product-type.bundle.ui-testing";
		};
/* End PBXNativeTarget section */

/* Begin PBXProject section */
		582A6B1E2ACDE96300B01A83 /* Project object */ = {
			isa = PBXProject;
			attributes = {
				BuildIndependentTargetsInParallel = 1;
				LastSwiftUpdateCheck = 1420;
				LastUpgradeCheck = 1420;
				TargetAttributes = {
					582A6B252ACDE96300B01A83 = {
						CreatedOnToolsVersion = 14.2;
					};
					582A6B352ACDE96400B01A83 = {
						CreatedOnToolsVersion = 14.2;
						TestTargetID = 582A6B252ACDE96300B01A83;
					};
					582A6B3F2ACDE96400B01A83 = {
						CreatedOnToolsVersion = 14.2;
						TestTargetID = 582A6B252ACDE96300B01A83;
					};
				};
			};
			buildConfigurationList = 582A6B212ACDE96300B01A83 /* Build configuration list for PBXProject "Moonshot" */;
			compatibilityVersion = "Xcode 14.0";
			developmentRegion = en;
			hasScannedForEncodings = 0;
			knownRegions = (
				en,
				Base,
			);
			mainGroup = 582A6B1D2ACDE96300B01A83;
			productRefGroup = 582A6B272ACDE96300B01A83 /* Products */;
			projectDirPath = "";
			projectRoot = "";
			targets = (
				582A6B252ACDE96300B01A83 /* Moonshot */,
				582A6B352ACDE96400B01A83 /* MoonshotTests */,
				582A6B3F2ACDE96400B01A83 /* MoonshotUITests */,
			);
		};
/* End PBXProject section */

/* Begin PBXResourcesBuildPhase section */
		582A6B242ACDE96300B01A83 /* Resources */ = {
			isa = PBXResourcesBuildPhase;
			buildActionMask = 2147483647;
			files = (
				58846C102AD4251B00347E8C /* astronauts.json in Resources */,
				582A6B312ACDE96400B01A83 /* Preview Assets.xcassets in Resources */,
				58846C162AD42FE100347E8C /* missions.json in Resources */,
				582A6B2E2ACDE96400B01A83 /* Assets.xcassets in Resources */,
			);
			runOnlyForDeploymentPostprocessing = 0;
		};
		582A6B342ACDE96400B01A83 /* Resources */ = {
			isa = PBXResourcesBuildPhase;
			buildActionMask = 2147483647;
			files = (
			);
			runOnlyForDeploymentPostprocessing = 0;
		};
		582A6B3E2ACDE96400B01A83 /* Resources */ = {
			isa = PBXResourcesBuildPhase;
			buildActionMask = 2147483647;
			files = (
			);
			runOnlyForDeploymentPostprocessing = 0;
		};
/* End PBXResourcesBuildPhase section */

/* Begin PBXSourcesBuildPhase section */
		582A6B222ACDE96300B01A83 /* Sources */ = {
			isa = PBXSourcesBuildPhase;
			buildActionMask = 2147483647;
			files = (
				582A6B542ACE057100B01A83 /* Astronaut.swift in Sources */,
				582A6B2C2ACDE96300B01A83 /* ContentView.swift in Sources */,
				582A6B2A2ACDE96300B01A83 /* MoonshotApp.swift in Sources */,
				58846C142AD429CC00347E8C /* Mission.swift in Sources */,
				58846C122AD4260400347E8C /* Bundle+Extension.swift in Sources */,
			);
			runOnlyForDeploymentPostprocessing = 0;
		};
		582A6B322ACDE96400B01A83 /* Sources */ = {
			isa = PBXSourcesBuildPhase;
			buildActionMask = 2147483647;
			files = (
				582A6B3B2ACDE96400B01A83 /* MoonshotTests.swift in Sources */,
			);
			runOnlyForDeploymentPostprocessing = 0;
		};
		582A6B3C2ACDE96400B01A83 /* Sources */ = {
			isa = PBXSourcesBuildPhase;
			buildActionMask = 2147483647;
			files = (
				582A6B472ACDE96400B01A83 /* MoonshotUITestsLaunchTests.swift in Sources */,
				582A6B452ACDE96400B01A83 /* MoonshotUITests.swift in Sources */,
			);
			runOnlyForDeploymentPostprocessing = 0;
		};
/* End PBXSourcesBuildPhase section */

/* Begin PBXTargetDependency section */
		582A6B382ACDE96400B01A83 /* PBXTargetDependency */ = {
			isa = PBXTargetDependency;
			target = 582A6B252ACDE96300B01A83 /* Moonshot */;
			targetProxy = 582A6B372ACDE96400B01A83 /* PBXContainerItemProxy */;
		};
		582A6B422ACDE96400B01A83 /* PBXTargetDependency */ = {
			isa = PBXTargetDependency;
			target = 582A6B252ACDE96300B01A83 /* Moonshot */;
			targetProxy = 582A6B412ACDE96400B01A83 /* PBXContainerItemProxy */;
		};
/* End PBXTargetDependency section */

/* Begin XCBuildConfiguration section */
		582A6B482ACDE96400B01A83 /* Debug */ = {
			isa = XCBuildConfiguration;
			buildSettings = {
				ALWAYS_SEARCH_USER_PATHS = NO;
				CLANG_ANALYZER_NONNULL = YES;
				CLANG_ANALYZER_NUMBER_OBJECT_CONVERSION = YES_AGGRESSIVE;
				CLANG_CXX_LANGUAGE_STANDARD = "gnu++20";
				CLANG_ENABLE_MODULES = YES;
				CLANG_ENABLE_OBJC_ARC = YES;
				CLANG_ENABLE_OBJC_WEAK = YES;
				CLANG_WARN_BLOCK_CAPTURE_AUTORELEASING = YES;
				CLANG_WARN_BOOL_CONVERSION = YES;
				CLANG_WARN_COMMA = YES;
				CLANG_WARN_CONSTANT_CONVERSION = YES;
				CLANG_WARN_DEPRECATED_OBJC_IMPLEMENTATIONS = YES;
				CLANG_WARN_DIRECT_OBJC_ISA_USAGE = YES_ERROR;
				CLANG_WARN_DOCUMENTATION_COMMENTS = YES;
				CLANG_WARN_EMPTY_BODY = YES;
				CLANG_WARN_ENUM_CONVERSION = YES;
				CLANG_WARN_INFINITE_RECURSION = YES;
				CLANG_WARN_INT_CONVERSION = YES;
				CLANG_WARN_NON_LITERAL_NULL_CONVERSION = YES;
				CLANG_WARN_OBJC_IMPLICIT_RETAIN_SELF = YES;
				CLANG_WARN_OBJC_LITERAL_CONVERSION = YES;
				CLANG_WARN_OBJC_ROOT_CLASS = YES_ERROR;
				CLANG_WARN_QUOTED_INCLUDE_IN_FRAMEWORK_HEADER = YES;
				CLANG_WARN_RANGE_LOOP_ANALYSIS = YES;
				CLANG_WARN_STRICT_PROTOTYPES = YES;
				CLANG_WARN_SUSPICIOUS_MOVE = YES;
				CLANG_WARN_UNGUARDED_AVAILABILITY = YES_AGGRESSIVE;
				CLANG_WARN_UNREACHABLE_CODE = YES;
				CLANG_WARN__DUPLICATE_METHOD_MATCH = YES;
				COPY_PHASE_STRIP = NO;
				DEBUG_INFORMATION_FORMAT = dwarf;
				ENABLE_STRICT_OBJC_MSGSEND = YES;
				ENABLE_TESTABILITY = YES;
				GCC_C_LANGUAGE_STANDARD = gnu11;
				GCC_DYNAMIC_NO_PIC = NO;
				GCC_NO_COMMON_BLOCKS = YES;
				GCC_OPTIMIZATION_LEVEL = 0;
				GCC_PREPROCESSOR_DEFINITIONS = (
					"DEBUG=1",
					"$(inherited)",
				);
				GCC_WARN_64_TO_32_BIT_CONVERSION = YES;
				GCC_WARN_ABOUT_RETURN_TYPE = YES_ERROR;
				GCC_WARN_UNDECLARED_SELECTOR = YES;
				GCC_WARN_UNINITIALIZED_AUTOS = YES_AGGRESSIVE;
				GCC_WARN_UNUSED_FUNCTION = YES;
				GCC_WARN_UNUSED_VARIABLE = YES;
				IPHONEOS_DEPLOYMENT_TARGET = 16.2;
				MTL_ENABLE_DEBUG_INFO = INCLUDE_SOURCE;
				MTL_FAST_MATH = YES;
				ONLY_ACTIVE_ARCH = YES;
				SDKROOT = iphoneos;
				SWIFT_ACTIVE_COMPILATION_CONDITIONS = DEBUG;
				SWIFT_OPTIMIZATION_LEVEL = "-Onone";
			};
			name = Debug;
		};
		582A6B492ACDE96400B01A83 /* Release */ = {
			isa = XCBuildConfiguration;
			buildSettings = {
				ALWAYS_SEARCH_USER_PATHS = NO;
				CLANG_ANALYZER_NONNULL = YES;
				CLANG_ANALYZER_NUMBER_OBJECT_CONVERSION = YES_AGGRESSIVE;
				CLANG_CXX_LANGUAGE_STANDARD = "gnu++20";
				CLANG_ENABLE_MODULES = YES;
				CLANG_ENABLE_OBJC_ARC = YES;
				CLANG_ENABLE_OBJC_WEAK = YES;
				CLANG_WARN_BLOCK_CAPTURE_AUTORELEASING = YES;
				CLANG_WARN_BOOL_CONVERSION = YES;
				CLANG_WARN_COMMA = YES;
				CLANG_WARN_CONSTANT_CONVERSION = YES;
				CLANG_WARN_DEPRECATED_OBJC_IMPLEMENTATIONS = YES;
				CLANG_WARN_DIRECT_OBJC_ISA_USAGE = YES_ERROR;
				CLANG_WARN_DOCUMENTATION_COMMENTS = YES;
				CLANG_WARN_EMPTY_BODY = YES;
				CLANG_WARN_ENUM_CONVERSION = YES;
				CLANG_WARN_INFINITE_RECURSION = YES;
				CLANG_WARN_INT_CONVERSION = YES;
				CLANG_WARN_NON_LITERAL_NULL_CONVERSION = YES;
				CLANG_WARN_OBJC_IMPLICIT_RETAIN_SELF = YES;
				CLANG_WARN_OBJC_LITERAL_CONVERSION = YES;
				CLANG_WARN_OBJC_ROOT_CLASS = YES_ERROR;
				CLANG_WARN_QUOTED_INCLUDE_IN_FRAMEWORK_HEADER = YES;
				CLANG_WARN_RANGE_LOOP_ANALYSIS = YES;
				CLANG_WARN_STRICT_PROTOTYPES = YES;
				CLANG_WARN_SUSPICIOUS_MOVE = YES;
				CLANG_WARN_UNGUARDED_AVAILABILITY = YES_AGGRESSIVE;
				CLANG_WARN_UNREACHABLE_CODE = YES;
				CLANG_WARN__DUPLICATE_METHOD_MATCH = YES;
				COPY_PHASE_STRIP = NO;
				DEBUG_INFORMATION_FORMAT = "dwarf-with-dsym";
				ENABLE_NS_ASSERTIONS = NO;
				ENABLE_STRICT_OBJC_MSGSEND = YES;
				GCC_C_LANGUAGE_STANDARD = gnu11;
				GCC_NO_COMMON_BLOCKS = YES;
				GCC_WARN_64_TO_32_BIT_CONVERSION = YES;
				GCC_WARN_ABOUT_RETURN_TYPE = YES_ERROR;
				GCC_WARN_UNDECLARED_SELECTOR = YES;
				GCC_WARN_UNINITIALIZED_AUTOS = YES_AGGRESSIVE;
				GCC_WARN_UNUSED_FUNCTION = YES;
				GCC_WARN_UNUSED_VARIABLE = YES;
				IPHONEOS_DEPLOYMENT_TARGET = 16.2;
				MTL_ENABLE_DEBUG_INFO = NO;
				MTL_FAST_MATH = YES;
				SDKROOT = iphoneos;
				SWIFT_COMPILATION_MODE = wholemodule;
				SWIFT_OPTIMIZATION_LEVEL = "-O";
				VALIDATE_PRODUCT = YES;
			};
			name = Release;
		};
		582A6B4B2ACDE96400B01A83 /* Debug */ = {
			isa = XCBuildConfiguration;
			buildSettings = {
				ASSETCATALOG_COMPILER_APPICON_NAME = AppIcon;
				ASSETCATALOG_COMPILER_GLOBAL_ACCENT_COLOR_NAME = AccentColor;
				CODE_SIGN_STYLE = Automatic;
				CURRENT_PROJECT_VERSION = 1;
				DEVELOPMENT_ASSET_PATHS = "\"Moonshot/Preview Content\"";
				ENABLE_PREVIEWS = YES;
				GENERATE_INFOPLIST_FILE = YES;
				INFOPLIST_KEY_UIApplicationSceneManifest_Generation = YES;
				INFOPLIST_KEY_UIApplicationSupportsIndirectInputEvents = YES;
				INFOPLIST_KEY_UILaunchScreen_Generation = YES;
				INFOPLIST_KEY_UISupportedInterfaceOrientations_iPad = "UIInterfaceOrientationPortrait UIInterfaceOrientationPortraitUpsideDown UIInterfaceOrientationLandscapeLeft UIInterfaceOrientationLandscapeRight";
				INFOPLIST_KEY_UISupportedInterfaceOrientations_iPhone = "UIInterfaceOrientationPortrait UIInterfaceOrientationLandscapeLeft UIInterfaceOrientationLandscapeRight";
				LD_RUNPATH_SEARCH_PATHS = (
					"$(inherited)",
					"@executable_path/Frameworks",
				);
				MARKETING_VERSION = 1.0;
				PRODUCT_BUNDLE_IDENTIFIER = com.kahbyte.Moonshot;
				PRODUCT_NAME = "$(TARGET_NAME)";
				SWIFT_EMIT_LOC_STRINGS = YES;
				SWIFT_VERSION = 5.0;
				TARGETED_DEVICE_FAMILY = "1,2";
			};
			name = Debug;
		};
		582A6B4C2ACDE96400B01A83 /* Release */ = {
			isa = XCBuildConfiguration;
			buildSettings = {
				ASSETCATALOG_COMPILER_APPICON_NAME = AppIcon;
				ASSETCATALOG_COMPILER_GLOBAL_ACCENT_COLOR_NAME = AccentColor;
				CODE_SIGN_STYLE = Automatic;
				CURRENT_PROJECT_VERSION = 1;
				DEVELOPMENT_ASSET_PATHS = "\"Moonshot/Preview Content\"";
				ENABLE_PREVIEWS = YES;
				GENERATE_INFOPLIST_FILE = YES;
				INFOPLIST_KEY_UIApplicationSceneManifest_Generation = YES;
				INFOPLIST_KEY_UIApplicationSupportsIndirectInputEvents = YES;
				INFOPLIST_KEY_UILaunchScreen_Generation = YES;
				INFOPLIST_KEY_UISupportedInterfaceOrientations_iPad = "UIInterfaceOrientationPortrait UIInterfaceOrientationPortraitUpsideDown UIInterfaceOrientationLandscapeLeft UIInterfaceOrientationLandscapeRight";
				INFOPLIST_KEY_UISupportedInterfaceOrientations_iPhone = "UIInterfaceOrientationPortrait UIInterfaceOrientationLandscapeLeft UIInterfaceOrientationLandscapeRight";
				LD_RUNPATH_SEARCH_PATHS = (
					"$(inherited)",
					"@executable_path/Frameworks",
				);
				MARKETING_VERSION = 1.0;
				PRODUCT_BUNDLE_IDENTIFIER = com.kahbyte.Moonshot;
				PRODUCT_NAME = "$(TARGET_NAME)";
				SWIFT_EMIT_LOC_STRINGS = YES;
				SWIFT_VERSION = 5.0;
				TARGETED_DEVICE_FAMILY = "1,2";
			};
			name = Release;
		};
		582A6B4E2ACDE96400B01A83 /* Debug */ = {
			isa = XCBuildConfiguration;
			buildSettings = {
				ALWAYS_EMBED_SWIFT_STANDARD_LIBRARIES = YES;
				BUNDLE_LOADER = "$(TEST_HOST)";
				CODE_SIGN_STYLE = Automatic;
				CURRENT_PROJECT_VERSION = 1;
				GENERATE_INFOPLIST_FILE = YES;
				IPHONEOS_DEPLOYMENT_TARGET = 16.2;
				MARKETING_VERSION = 1.0;
				PRODUCT_BUNDLE_IDENTIFIER = com.kahbyte.MoonshotTests;
				PRODUCT_NAME = "$(TARGET_NAME)";
				SWIFT_EMIT_LOC_STRINGS = NO;
				SWIFT_VERSION = 5.0;
				TARGETED_DEVICE_FAMILY = "1,2";
				TEST_HOST = "$(BUILT_PRODUCTS_DIR)/Moonshot.app/$(BUNDLE_EXECUTABLE_FOLDER_PATH)/Moonshot";
			};
			name = Debug;
		};
		582A6B4F2ACDE96400B01A83 /* Release */ = {
			isa = XCBuildConfiguration;
			buildSettings = {
				ALWAYS_EMBED_SWIFT_STANDARD_LIBRARIES = YES;
				BUNDLE_LOADER = "$(TEST_HOST)";
				CODE_SIGN_STYLE = Automatic;
				CURRENT_PROJECT_VERSION = 1;
				GENERATE_INFOPLIST_FILE = YES;
				IPHONEOS_DEPLOYMENT_TARGET = 16.2;
				MARKETING_VERSION = 1.0;
				PRODUCT_BUNDLE_IDENTIFIER = com.kahbyte.MoonshotTests;
				PRODUCT_NAME = "$(TARGET_NAME)";
				SWIFT_EMIT_LOC_STRINGS = NO;
				SWIFT_VERSION = 5.0;
				TARGETED_DEVICE_FAMILY = "1,2";
				TEST_HOST = "$(BUILT_PRODUCTS_DIR)/Moonshot.app/$(BUNDLE_EXECUTABLE_FOLDER_PATH)/Moonshot";
			};
			name = Release;
		};
		582A6B512ACDE96400B01A83 /* Debug */ = {
			isa = XCBuildConfiguration;
			buildSettings = {
				ALWAYS_EMBED_SWIFT_STANDARD_LIBRARIES = YES;
				CODE_SIGN_STYLE = Automatic;
				CURRENT_PROJECT_VERSION = 1;
				GENERATE_INFOPLIST_FILE = YES;
				MARKETING_VERSION = 1.0;
				PRODUCT_BUNDLE_IDENTIFIER = com.kahbyte.MoonshotUITests;
				PRODUCT_NAME = "$(TARGET_NAME)";
				SWIFT_EMIT_LOC_STRINGS = NO;
				SWIFT_VERSION = 5.0;
				TARGETED_DEVICE_FAMILY = "1,2";
				TEST_TARGET_NAME = Moonshot;
			};
			name = Debug;
		};
		582A6B522ACDE96400B01A83 /* Release */ = {
			isa = XCBuildConfiguration;
			buildSettings = {
				ALWAYS_EMBED_SWIFT_STANDARD_LIBRARIES = YES;
				CODE_SIGN_STYLE = Automatic;
				CURRENT_PROJECT_VERSION = 1;
				GENERATE_INFOPLIST_FILE = YES;
				MARKETING_VERSION = 1.0;
				PRODUCT_BUNDLE_IDENTIFIER = com.kahbyte.MoonshotUITests;
				PRODUCT_NAME = "$(TARGET_NAME)";
				SWIFT_EMIT_LOC_STRINGS = NO;
				SWIFT_VERSION = 5.0;
				TARGETED_DEVICE_FAMILY = "1,2";
				TEST_TARGET_NAME = Moonshot;
			};
			name = Release;
		};
/* End XCBuildConfiguration section */

/* Begin XCConfigurationList section */
		582A6B212ACDE96300B01A83 /* Build configuration list for PBXProject "Moonshot" */ = {
			isa = XCConfigurationList;
			buildConfigurations = (
				582A6B482ACDE96400B01A83 /* Debug */,
				582A6B492ACDE96400B01A83 /* Release */,
			);
			defaultConfigurationIsVisible = 0;
			defaultConfigurationName = Release;
		};
		582A6B4A2ACDE96400B01A83 /* Build configuration list for PBXNativeTarget "Moonshot" */ = {
			isa = XCConfigurationList;
			buildConfigurations = (
				582A6B4B2ACDE96400B01A83 /* Debug */,
				582A6B4C2ACDE96400B01A83 /* Release */,
			);
			defaultConfigurationIsVisible = 0;
			defaultConfigurationName = Release;
		};
		582A6B4D2ACDE96400B01A83 /* Build configuration list for PBXNativeTarget "MoonshotTests" */ = {
			isa = XCConfigurationList;
			buildConfigurations = (
				582A6B4E2ACDE96400B01A83 /* Debug */,
				582A6B4F2ACDE96400B01A83 /* Release */,
			);
			defaultConfigurationIsVisible = 0;
			defaultConfigurationName = Release;
		};
		582A6B502ACDE96400B01A83 /* Build configuration list for PBXNativeTarget "MoonshotUITests" */ = {
			isa = XCConfigurationList;
			buildConfigurations = (
				582A6B512ACDE96400B01A83 /* Debug */,
				582A6B522ACDE96400B01A83 /* Release */,
			);
			defaultConfigurationIsVisible = 0;
			defaultConfigurationName = Release;
		};
/* End XCConfigurationList section */
	};
	rootObject = 582A6B1E2ACDE96300B01A83 /* Project object */;
}
