// !$*UTF8*$!
{
	archiveVersion = 1;
	classes = {
	};
	objectVersion = 56;
	objects = {

/* Begin PBXBuildFile section */
		5818379B2AA629D1008ADCAE /* AnimationsApp.swift in Sources */ = {isa = PBXBuildFile; fileRef = 5818379A2AA629D1008ADCAE /* AnimationsApp.swift */; };
		5818379D2AA629D1008ADCAE /* ContentView.swift in Sources */ = {isa = PBXBuildFile; fileRef = 5818379C2AA629D1008ADCAE /* ContentView.swift */; };
		5818379F2AA629D2008ADCAE /* Assets.xcassets in Resources */ = {isa = PBXBuildFile; fileRef = 5818379E2AA629D2008ADCAE /* Assets.xcassets */; };
		581837A22AA629D2008ADCAE /* Preview Assets.xcassets in Resources */ = {isa = PBXBuildFile; fileRef = 581837A12AA629D2008ADCAE /* Preview Assets.xcassets */; };
		581837AC2AA629D2008ADCAE /* AnimationsTests.swift in Sources */ = {isa = PBXBuildFile; fileRef = 581837AB2AA629D2008ADCAE /* AnimationsTests.swift */; };
		581837B62AA629D3008ADCAE /* AnimationsUITests.swift in Sources */ = {isa = PBXBuildFile; fileRef = 581837B52AA629D3008ADCAE /* AnimationsUITests.swift */; };
		581837B82AA629D3008ADCAE /* AnimationsUITestsLaunchTests.swift in Sources */ = {isa = PBXBuildFile; fileRef = 581837B72AA629D3008ADCAE /* AnimationsUITestsLaunchTests.swift */; };
		581FD5342AAF3E6F00947998 /* animatingBindings.swift in Sources */ = {isa = PBXBuildFile; fileRef = 581FD5332AAF3E6F00947998 /* animatingBindings.swift */; };
		58CF546C2AB37A6500B1B179 /* AnimationStack.swift in Sources */ = {isa = PBXBuildFile; fileRef = 58CF546B2AB37A6500B1B179 /* AnimationStack.swift */; };
		58CF546E2AB3810500B1B179 /* AnimatingGestures.swift in Sources */ = {isa = PBXBuildFile; fileRef = 58CF546D2AB3810500B1B179 /* AnimatingGestures.swift */; };
		58CF54702AB3854B00B1B179 /* ViewTransitions.swift in Sources */ = {isa = PBXBuildFile; fileRef = 58CF546F2AB3854B00B1B179 /* ViewTransitions.swift */; };
		58CF54722AB38BB800B1B179 /* CornerRotateModifier.swift in Sources */ = {isa = PBXBuildFile; fileRef = 58CF54712AB38BB800B1B179 /* CornerRotateModifier.swift */; };
		58CF54742AB38DB900B1B179 /* ContentViewType.swift in Sources */ = {isa = PBXBuildFile; fileRef = 58CF54732AB38DB900B1B179 /* ContentViewType.swift */; };
/* End PBXBuildFile section */

/* Begin PBXContainerItemProxy section */
		581837A82AA629D2008ADCAE /* PBXContainerItemProxy */ = {
			isa = PBXContainerItemProxy;
			containerPortal = 5818378F2AA629D0008ADCAE /* Project object */;
			proxyType = 1;
			remoteGlobalIDString = 581837962AA629D1008ADCAE;
			remoteInfo = Animations;
		};
		581837B22AA629D2008ADCAE /* PBXContainerItemProxy */ = {
			isa = PBXContainerItemProxy;
			containerPortal = 5818378F2AA629D0008ADCAE /* Project object */;
			proxyType = 1;
			remoteGlobalIDString = 581837962AA629D1008ADCAE;
			remoteInfo = Animations;
		};
/* End PBXContainerItemProxy section */

/* Begin PBXFileReference section */
		581837972AA629D1008ADCAE /* Animations.app */ = {isa = PBXFileReference; explicitFileType = wrapper.application; includeInIndex = 0; path = Animations.app; sourceTree = BUILT_PRODUCTS_DIR; };
		5818379A2AA629D1008ADCAE /* AnimationsApp.swift */ = {isa = PBXFileReference; lastKnownFileType = sourcecode.swift; path = AnimationsApp.swift; sourceTree = "<group>"; };
		5818379C2AA629D1008ADCAE /* ContentView.swift */ = {isa = PBXFileReference; lastKnownFileType = sourcecode.swift; path = ContentView.swift; sourceTree = "<group>"; };
		5818379E2AA629D2008ADCAE /* Assets.xcassets */ = {isa = PBXFileReference; lastKnownFileType = folder.assetcatalog; path = Assets.xcassets; sourceTree = "<group>"; };
		581837A12AA629D2008ADCAE /* Preview Assets.xcassets */ = {isa = PBXFileReference; lastKnownFileType = folder.assetcatalog; path = "Preview Assets.xcassets"; sourceTree = "<group>"; };
		581837A72AA629D2008ADCAE /* AnimationsTests.xctest */ = {isa = PBXFileReference; explicitFileType = wrapper.cfbundle; includeInIndex = 0; path = AnimationsTests.xctest; sourceTree = BUILT_PRODUCTS_DIR; };
		581837AB2AA629D2008ADCAE /* AnimationsTests.swift */ = {isa = PBXFileReference; lastKnownFileType = sourcecode.swift; path = AnimationsTests.swift; sourceTree = "<group>"; };
		581837B12AA629D2008ADCAE /* AnimationsUITests.xctest */ = {isa = PBXFileReference; explicitFileType = wrapper.cfbundle; includeInIndex = 0; path = AnimationsUITests.xctest; sourceTree = BUILT_PRODUCTS_DIR; };
		581837B52AA629D3008ADCAE /* AnimationsUITests.swift */ = {isa = PBXFileReference; lastKnownFileType = sourcecode.swift; path = AnimationsUITests.swift; sourceTree = "<group>"; };
		581837B72AA629D3008ADCAE /* AnimationsUITestsLaunchTests.swift */ = {isa = PBXFileReference; lastKnownFileType = sourcecode.swift; path = AnimationsUITestsLaunchTests.swift; sourceTree = "<group>"; };
		581FD5332AAF3E6F00947998 /* animatingBindings.swift */ = {isa = PBXFileReference; lastKnownFileType = sourcecode.swift; path = animatingBindings.swift; sourceTree = "<group>"; };
		58CF546B2AB37A6500B1B179 /* AnimationStack.swift */ = {isa = PBXFileReference; lastKnownFileType = sourcecode.swift; path = AnimationStack.swift; sourceTree = "<group>"; };
		58CF546D2AB3810500B1B179 /* AnimatingGestures.swift */ = {isa = PBXFileReference; lastKnownFileType = sourcecode.swift; path = AnimatingGestures.swift; sourceTree = "<group>"; };
		58CF546F2AB3854B00B1B179 /* ViewTransitions.swift */ = {isa = PBXFileReference; lastKnownFileType = sourcecode.swift; path = ViewTransitions.swift; sourceTree = "<group>"; };
		58CF54712AB38BB800B1B179 /* CornerRotateModifier.swift */ = {isa = PBXFileReference; lastKnownFileType = sourcecode.swift; path = CornerRotateModifier.swift; sourceTree = "<group>"; };
		58CF54732AB38DB900B1B179 /* ContentViewType.swift */ = {isa = PBXFileReference; lastKnownFileType = sourcecode.swift; path = ContentViewType.swift; sourceTree = "<group>"; };
/* End PBXFileReference section */

/* Begin PBXFrameworksBuildPhase section */
		581837942AA629D1008ADCAE /* Frameworks */ = {
			isa = PBXFrameworksBuildPhase;
			buildActionMask = 2147483647;
			files = (
			);
			runOnlyForDeploymentPostprocessing = 0;
		};
		581837A42AA629D2008ADCAE /* Frameworks */ = {
			isa = PBXFrameworksBuildPhase;
			buildActionMask = 2147483647;
			files = (
			);
			runOnlyForDeploymentPostprocessing = 0;
		};
		581837AE2AA629D2008ADCAE /* Frameworks */ = {
			isa = PBXFrameworksBuildPhase;
			buildActionMask = 2147483647;
			files = (
			);
			runOnlyForDeploymentPostprocessing = 0;
		};
/* End PBXFrameworksBuildPhase section */

/* Begin PBXGroup section */
		5818378E2AA629D0008ADCAE = {
			isa = PBXGroup;
			children = (
				581837992AA629D1008ADCAE /* Animations */,
				581837AA2AA629D2008ADCAE /* AnimationsTests */,
				581837B42AA629D3008ADCAE /* AnimationsUITests */,
				581837982AA629D1008ADCAE /* Products */,
			);
			sourceTree = "<group>";
		};
		581837982AA629D1008ADCAE /* Products */ = {
			isa = PBXGroup;
			children = (
				581837972AA629D1008ADCAE /* Animations.app */,
				581837A72AA629D2008ADCAE /* AnimationsTests.xctest */,
				581837B12AA629D2008ADCAE /* AnimationsUITests.xctest */,
			);
			name = Products;
			sourceTree = "<group>";
		};
		581837992AA629D1008ADCAE /* Animations */ = {
			isa = PBXGroup;
			children = (
				5818379A2AA629D1008ADCAE /* AnimationsApp.swift */,
				5818379C2AA629D1008ADCAE /* ContentView.swift */,
				58CF54732AB38DB900B1B179 /* ContentViewType.swift */,
				581FD5332AAF3E6F00947998 /* animatingBindings.swift */,
				58CF546D2AB3810500B1B179 /* AnimatingGestures.swift */,
				58CF546F2AB3854B00B1B179 /* ViewTransitions.swift */,
				58CF54712AB38BB800B1B179 /* CornerRotateModifier.swift */,
				58CF546B2AB37A6500B1B179 /* AnimationStack.swift */,
				5818379E2AA629D2008ADCAE /* Assets.xcassets */,
				581837A02AA629D2008ADCAE /* Preview Content */,
			);
			path = Animations;
			sourceTree = "<group>";
		};
		581837A02AA629D2008ADCAE /* Preview Content */ = {
			isa = PBXGroup;
			children = (
				581837A12AA629D2008ADCAE /* Preview Assets.xcassets */,
			);
			path = "Preview Content";
			sourceTree = "<group>";
		};
		581837AA2AA629D2008ADCAE /* AnimationsTests */ = {
			isa = PBXGroup;
			children = (
				581837AB2AA629D2008ADCAE /* AnimationsTests.swift */,
			);
			path = AnimationsTests;
			sourceTree = "<group>";
		};
		581837B42AA629D3008ADCAE /* AnimationsUITests */ = {
			isa = PBXGroup;
			children = (
				581837B52AA629D3008ADCAE /* AnimationsUITests.swift */,
				581837B72AA629D3008ADCAE /* AnimationsUITestsLaunchTests.swift */,
			);
			path = AnimationsUITests;
			sourceTree = "<group>";
		};
/* End PBXGroup section */

/* Begin PBXNativeTarget section */
		581837962AA629D1008ADCAE /* Animations */ = {
			isa = PBXNativeTarget;
			buildConfigurationList = 581837BB2AA629D3008ADCAE /* Build configuration list for PBXNativeTarget "Animations" */;
			buildPhases = (
				581837932AA629D1008ADCAE /* Sources */,
				581837942AA629D1008ADCAE /* Frameworks */,
				581837952AA629D1008ADCAE /* Resources */,
			);
			buildRules = (
			);
			dependencies = (
			);
			name = Animations;
			productName = Animations;
			productReference = 581837972AA629D1008ADCAE /* Animations.app */;
			productType = "com.apple.product-type.application";
		};
		581837A62AA629D2008ADCAE /* AnimationsTests */ = {
			isa = PBXNativeTarget;
			buildConfigurationList = 581837BE2AA629D3008ADCAE /* Build configuration list for PBXNativeTarget "AnimationsTests" */;
			buildPhases = (
				581837A32AA629D2008ADCAE /* Sources */,
				581837A42AA629D2008ADCAE /* Frameworks */,
				581837A52AA629D2008ADCAE /* Resources */,
			);
			buildRules = (
			);
			dependencies = (
				581837A92AA629D2008ADCAE /* PBXTargetDependency */,
			);
			name = AnimationsTests;
			productName = AnimationsTests;
			productReference = 581837A72AA629D2008ADCAE /* AnimationsTests.xctest */;
			productType = "com.apple.product-type.bundle.unit-test";
		};
		581837B02AA629D2008ADCAE /* AnimationsUITests */ = {
			isa = PBXNativeTarget;
			buildConfigurationList = 581837C12AA629D3008ADCAE /* Build configuration list for PBXNativeTarget "AnimationsUITests" */;
			buildPhases = (
				581837AD2AA629D2008ADCAE /* Sources */,
				581837AE2AA629D2008ADCAE /* Frameworks */,
				581837AF2AA629D2008ADCAE /* Resources */,
			);
			buildRules = (
			);
			dependencies = (
				581837B32AA629D2008ADCAE /* PBXTargetDependency */,
			);
			name = AnimationsUITests;
			productName = AnimationsUITests;
			productReference = 581837B12AA629D2008ADCAE /* AnimationsUITests.xctest */;
			productType = "com.apple.product-type.bundle.ui-testing";
		};
/* End PBXNativeTarget section */

/* Begin PBXProject section */
		5818378F2AA629D0008ADCAE /* Project object */ = {
			isa = PBXProject;
			attributes = {
				BuildIndependentTargetsInParallel = 1;
				LastSwiftUpdateCheck = 1420;
				LastUpgradeCheck = 1420;
				TargetAttributes = {
					581837962AA629D1008ADCAE = {
						CreatedOnToolsVersion = 14.2;
					};
					581837A62AA629D2008ADCAE = {
						CreatedOnToolsVersion = 14.2;
						TestTargetID = 581837962AA629D1008ADCAE;
					};
					581837B02AA629D2008ADCAE = {
						CreatedOnToolsVersion = 14.2;
						TestTargetID = 581837962AA629D1008ADCAE;
					};
				};
			};
			buildConfigurationList = 581837922AA629D0008ADCAE /* Build configuration list for PBXProject "Animations" */;
			compatibilityVersion = "Xcode 14.0";
			developmentRegion = en;
			hasScannedForEncodings = 0;
			knownRegions = (
				en,
				Base,
			);
			mainGroup = 5818378E2AA629D0008ADCAE;
			productRefGroup = 581837982AA629D1008ADCAE /* Products */;
			projectDirPath = "";
			projectRoot = "";
			targets = (
				581837962AA629D1008ADCAE /* Animations */,
				581837A62AA629D2008ADCAE /* AnimationsTests */,
				581837B02AA629D2008ADCAE /* AnimationsUITests */,
			);
		};
/* End PBXProject section */

/* Begin PBXResourcesBuildPhase section */
		581837952AA629D1008ADCAE /* Resources */ = {
			isa = PBXResourcesBuildPhase;
			buildActionMask = 2147483647;
			files = (
				581837A22AA629D2008ADCAE /* Preview Assets.xcassets in Resources */,
				5818379F2AA629D2008ADCAE /* Assets.xcassets in Resources */,
			);
			runOnlyForDeploymentPostprocessing = 0;
		};
		581837A52AA629D2008ADCAE /* Resources */ = {
			isa = PBXResourcesBuildPhase;
			buildActionMask = 2147483647;
			files = (
			);
			runOnlyForDeploymentPostprocessing = 0;
		};
		581837AF2AA629D2008ADCAE /* Resources */ = {
			isa = PBXResourcesBuildPhase;
			buildActionMask = 2147483647;
			files = (
			);
			runOnlyForDeploymentPostprocessing = 0;
		};
/* End PBXResourcesBuildPhase section */

/* Begin PBXSourcesBuildPhase section */
		581837932AA629D1008ADCAE /* Sources */ = {
			isa = PBXSourcesBuildPhase;
			buildActionMask = 2147483647;
			files = (
				58CF54742AB38DB900B1B179 /* ContentViewType.swift in Sources */,
				5818379D2AA629D1008ADCAE /* ContentView.swift in Sources */,
				58CF54702AB3854B00B1B179 /* ViewTransitions.swift in Sources */,
				58CF54722AB38BB800B1B179 /* CornerRotateModifier.swift in Sources */,
				58CF546C2AB37A6500B1B179 /* AnimationStack.swift in Sources */,
				581FD5342AAF3E6F00947998 /* animatingBindings.swift in Sources */,
				5818379B2AA629D1008ADCAE /* AnimationsApp.swift in Sources */,
				58CF546E2AB3810500B1B179 /* AnimatingGestures.swift in Sources */,
			);
			runOnlyForDeploymentPostprocessing = 0;
		};
		581837A32AA629D2008ADCAE /* Sources */ = {
			isa = PBXSourcesBuildPhase;
			buildActionMask = 2147483647;
			files = (
				581837AC2AA629D2008ADCAE /* AnimationsTests.swift in Sources */,
			);
			runOnlyForDeploymentPostprocessing = 0;
		};
		581837AD2AA629D2008ADCAE /* Sources */ = {
			isa = PBXSourcesBuildPhase;
			buildActionMask = 2147483647;
			files = (
				581837B62AA629D3008ADCAE /* AnimationsUITests.swift in Sources */,
				581837B82AA629D3008ADCAE /* AnimationsUITestsLaunchTests.swift in Sources */,
			);
			runOnlyForDeploymentPostprocessing = 0;
		};
/* End PBXSourcesBuildPhase section */

/* Begin PBXTargetDependency section */
		581837A92AA629D2008ADCAE /* PBXTargetDependency */ = {
			isa = PBXTargetDependency;
			target = 581837962AA629D1008ADCAE /* Animations */;
			targetProxy = 581837A82AA629D2008ADCAE /* PBXContainerItemProxy */;
		};
		581837B32AA629D2008ADCAE /* PBXTargetDependency */ = {
			isa = PBXTargetDependency;
			target = 581837962AA629D1008ADCAE /* Animations */;
			targetProxy = 581837B22AA629D2008ADCAE /* PBXContainerItemProxy */;
		};
/* End PBXTargetDependency section */

/* Begin XCBuildConfiguration section */
		581837B92AA629D3008ADCAE /* Debug */ = {
			isa = XCBuildConfiguration;
			buildSettings = {
				ALWAYS_SEARCH_USER_PATHS = NO;
				CLANG_ANALYZER_NONNULL = YES;
				CLANG_ANALYZER_NUMBER_OBJECT_CONVERSION = YES_AGGRESSIVE;
				CLANG_CXX_LANGUAGE_STANDARD = "gnu++20";
				CLANG_ENABLE_MODULES = YES;
				CLANG_ENABLE_OBJC_ARC = YES;
				CLANG_ENABLE_OBJC_WEAK = YES;
				CLANG_WARN_BLOCK_CAPTURE_AUTORELEASING = YES;
				CLANG_WARN_BOOL_CONVERSION = YES;
				CLANG_WARN_COMMA = YES;
				CLANG_WARN_CONSTANT_CONVERSION = YES;
				CLANG_WARN_DEPRECATED_OBJC_IMPLEMENTATIONS = YES;
				CLANG_WARN_DIRECT_OBJC_ISA_USAGE = YES_ERROR;
				CLANG_WARN_DOCUMENTATION_COMMENTS = YES;
				CLANG_WARN_EMPTY_BODY = YES;
				CLANG_WARN_ENUM_CONVERSION = YES;
				CLANG_WARN_INFINITE_RECURSION = YES;
				CLANG_WARN_INT_CONVERSION = YES;
				CLANG_WARN_NON_LITERAL_NULL_CONVERSION = YES;
				CLANG_WARN_OBJC_IMPLICIT_RETAIN_SELF = YES;
				CLANG_WARN_OBJC_LITERAL_CONVERSION = YES;
				CLANG_WARN_OBJC_ROOT_CLASS = YES_ERROR;
				CLANG_WARN_QUOTED_INCLUDE_IN_FRAMEWORK_HEADER = YES;
				CLANG_WARN_RANGE_LOOP_ANALYSIS = YES;
				CLANG_WARN_STRICT_PROTOTYPES = YES;
				CLANG_WARN_SUSPICIOUS_MOVE = YES;
				CLANG_WARN_UNGUARDED_AVAILABILITY = YES_AGGRESSIVE;
				CLANG_WARN_UNREACHABLE_CODE = YES;
				CLANG_WARN__DUPLICATE_METHOD_MATCH = YES;
				COPY_PHASE_STRIP = NO;
				DEBUG_INFORMATION_FORMAT = dwarf;
				ENABLE_STRICT_OBJC_MSGSEND = YES;
				ENABLE_TESTABILITY = YES;
				GCC_C_LANGUAGE_STANDARD = gnu11;
				GCC_DYNAMIC_NO_PIC = NO;
				GCC_NO_COMMON_BLOCKS = YES;
				GCC_OPTIMIZATION_LEVEL = 0;
				GCC_PREPROCESSOR_DEFINITIONS = (
					"DEBUG=1",
					"$(inherited)",
				);
				GCC_WARN_64_TO_32_BIT_CONVERSION = YES;
				GCC_WARN_ABOUT_RETURN_TYPE = YES_ERROR;
				GCC_WARN_UNDECLARED_SELECTOR = YES;
				GCC_WARN_UNINITIALIZED_AUTOS = YES_AGGRESSIVE;
				GCC_WARN_UNUSED_FUNCTION = YES;
				GCC_WARN_UNUSED_VARIABLE = YES;
				IPHONEOS_DEPLOYMENT_TARGET = 16.2;
				MTL_ENABLE_DEBUG_INFO = INCLUDE_SOURCE;
				MTL_FAST_MATH = YES;
				ONLY_ACTIVE_ARCH = YES;
				SDKROOT = iphoneos;
				SWIFT_ACTIVE_COMPILATION_CONDITIONS = DEBUG;
				SWIFT_OPTIMIZATION_LEVEL = "-Onone";
			};
			name = Debug;
		};
		581837BA2AA629D3008ADCAE /* Release */ = {
			isa = XCBuildConfiguration;
			buildSettings = {
				ALWAYS_SEARCH_USER_PATHS = NO;
				CLANG_ANALYZER_NONNULL = YES;
				CLANG_ANALYZER_NUMBER_OBJECT_CONVERSION = YES_AGGRESSIVE;
				CLANG_CXX_LANGUAGE_STANDARD = "gnu++20";
				CLANG_ENABLE_MODULES = YES;
				CLANG_ENABLE_OBJC_ARC = YES;
				CLANG_ENABLE_OBJC_WEAK = YES;
				CLANG_WARN_BLOCK_CAPTURE_AUTORELEASING = YES;
				CLANG_WARN_BOOL_CONVERSION = YES;
				CLANG_WARN_COMMA = YES;
				CLANG_WARN_CONSTANT_CONVERSION = YES;
				CLANG_WARN_DEPRECATED_OBJC_IMPLEMENTATIONS = YES;
				CLANG_WARN_DIRECT_OBJC_ISA_USAGE = YES_ERROR;
				CLANG_WARN_DOCUMENTATION_COMMENTS = YES;
				CLANG_WARN_EMPTY_BODY = YES;
				CLANG_WARN_ENUM_CONVERSION = YES;
				CLANG_WARN_INFINITE_RECURSION = YES;
				CLANG_WARN_INT_CONVERSION = YES;
				CLANG_WARN_NON_LITERAL_NULL_CONVERSION = YES;
				CLANG_WARN_OBJC_IMPLICIT_RETAIN_SELF = YES;
				CLANG_WARN_OBJC_LITERAL_CONVERSION = YES;
				CLANG_WARN_OBJC_ROOT_CLASS = YES_ERROR;
				CLANG_WARN_QUOTED_INCLUDE_IN_FRAMEWORK_HEADER = YES;
				CLANG_WARN_RANGE_LOOP_ANALYSIS = YES;
				CLANG_WARN_STRICT_PROTOTYPES = YES;
				CLANG_WARN_SUSPICIOUS_MOVE = YES;
				CLANG_WARN_UNGUARDED_AVAILABILITY = YES_AGGRESSIVE;
				CLANG_WARN_UNREACHABLE_CODE = YES;
				CLANG_WARN__DUPLICATE_METHOD_MATCH = YES;
				COPY_PHASE_STRIP = NO;
				DEBUG_INFORMATION_FORMAT = "dwarf-with-dsym";
				ENABLE_NS_ASSERTIONS = NO;
				ENABLE_STRICT_OBJC_MSGSEND = YES;
				GCC_C_LANGUAGE_STANDARD = gnu11;
				GCC_NO_COMMON_BLOCKS = YES;
				GCC_WARN_64_TO_32_BIT_CONVERSION = YES;
				GCC_WARN_ABOUT_RETURN_TYPE = YES_ERROR;
				GCC_WARN_UNDECLARED_SELECTOR = YES;
				GCC_WARN_UNINITIALIZED_AUTOS = YES_AGGRESSIVE;
				GCC_WARN_UNUSED_FUNCTION = YES;
				GCC_WARN_UNUSED_VARIABLE = YES;
				IPHONEOS_DEPLOYMENT_TARGET = 16.2;
				MTL_ENABLE_DEBUG_INFO = NO;
				MTL_FAST_MATH = YES;
				SDKROOT = iphoneos;
				SWIFT_COMPILATION_MODE = wholemodule;
				SWIFT_OPTIMIZATION_LEVEL = "-O";
				VALIDATE_PRODUCT = YES;
			};
			name = Release;
		};
		581837BC2AA629D3008ADCAE /* Debug */ = {
			isa = XCBuildConfiguration;
			buildSettings = {
				ASSETCATALOG_COMPILER_APPICON_NAME = AppIcon;
				ASSETCATALOG_COMPILER_GLOBAL_ACCENT_COLOR_NAME = AccentColor;
				CODE_SIGN_STYLE = Automatic;
				CURRENT_PROJECT_VERSION = 1;
				DEVELOPMENT_ASSET_PATHS = "\"Animations/Preview Content\"";
				ENABLE_PREVIEWS = YES;
				GENERATE_INFOPLIST_FILE = YES;
				INFOPLIST_KEY_UIApplicationSceneManifest_Generation = YES;
				INFOPLIST_KEY_UIApplicationSupportsIndirectInputEvents = YES;
				INFOPLIST_KEY_UILaunchScreen_Generation = YES;
				INFOPLIST_KEY_UISupportedInterfaceOrientations_iPad = "UIInterfaceOrientationPortrait UIInterfaceOrientationPortraitUpsideDown UIInterfaceOrientationLandscapeLeft UIInterfaceOrientationLandscapeRight";
				INFOPLIST_KEY_UISupportedInterfaceOrientations_iPhone = "UIInterfaceOrientationPortrait UIInterfaceOrientationLandscapeLeft UIInterfaceOrientationLandscapeRight";
				LD_RUNPATH_SEARCH_PATHS = (
					"$(inherited)",
					"@executable_path/Frameworks",
				);
				MARKETING_VERSION = 1.0;
				PRODUCT_BUNDLE_IDENTIFIER = com.kahbyte.Animations;
				PRODUCT_NAME = "$(TARGET_NAME)";
				SWIFT_EMIT_LOC_STRINGS = YES;
				SWIFT_VERSION = 5.0;
				TARGETED_DEVICE_FAMILY = "1,2";
			};
			name = Debug;
		};
		581837BD2AA629D3008ADCAE /* Release */ = {
			isa = XCBuildConfiguration;
			buildSettings = {
				ASSETCATALOG_COMPILER_APPICON_NAME = AppIcon;
				ASSETCATALOG_COMPILER_GLOBAL_ACCENT_COLOR_NAME = AccentColor;
				CODE_SIGN_STYLE = Automatic;
				CURRENT_PROJECT_VERSION = 1;
				DEVELOPMENT_ASSET_PATHS = "\"Animations/Preview Content\"";
				ENABLE_PREVIEWS = YES;
				GENERATE_INFOPLIST_FILE = YES;
				INFOPLIST_KEY_UIApplicationSceneManifest_Generation = YES;
				INFOPLIST_KEY_UIApplicationSupportsIndirectInputEvents = YES;
				INFOPLIST_KEY_UILaunchScreen_Generation = YES;
				INFOPLIST_KEY_UISupportedInterfaceOrientations_iPad = "UIInterfaceOrientationPortrait UIInterfaceOrientationPortraitUpsideDown UIInterfaceOrientationLandscapeLeft UIInterfaceOrientationLandscapeRight";
				INFOPLIST_KEY_UISupportedInterfaceOrientations_iPhone = "UIInterfaceOrientationPortrait UIInterfaceOrientationLandscapeLeft UIInterfaceOrientationLandscapeRight";
				LD_RUNPATH_SEARCH_PATHS = (
					"$(inherited)",
					"@executable_path/Frameworks",
				);
				MARKETING_VERSION = 1.0;
				PRODUCT_BUNDLE_IDENTIFIER = com.kahbyte.Animations;
				PRODUCT_NAME = "$(TARGET_NAME)";
				SWIFT_EMIT_LOC_STRINGS = YES;
				SWIFT_VERSION = 5.0;
				TARGETED_DEVICE_FAMILY = "1,2";
			};
			name = Release;
		};
		581837BF2AA629D3008ADCAE /* Debug */ = {
			isa = XCBuildConfiguration;
			buildSettings = {
				ALWAYS_EMBED_SWIFT_STANDARD_LIBRARIES = YES;
				BUNDLE_LOADER = "$(TEST_HOST)";
				CODE_SIGN_STYLE = Automatic;
				CURRENT_PROJECT_VERSION = 1;
				GENERATE_INFOPLIST_FILE = YES;
				IPHONEOS_DEPLOYMENT_TARGET = 16.2;
				MARKETING_VERSION = 1.0;
				PRODUCT_BUNDLE_IDENTIFIER = com.kahbyte.AnimationsTests;
				PRODUCT_NAME = "$(TARGET_NAME)";
				SWIFT_EMIT_LOC_STRINGS = NO;
				SWIFT_VERSION = 5.0;
				TARGETED_DEVICE_FAMILY = "1,2";
				TEST_HOST = "$(BUILT_PRODUCTS_DIR)/Animations.app/$(BUNDLE_EXECUTABLE_FOLDER_PATH)/Animations";
			};
			name = Debug;
		};
		581837C02AA629D3008ADCAE /* Release */ = {
			isa = XCBuildConfiguration;
			buildSettings = {
				ALWAYS_EMBED_SWIFT_STANDARD_LIBRARIES = YES;
				BUNDLE_LOADER = "$(TEST_HOST)";
				CODE_SIGN_STYLE = Automatic;
				CURRENT_PROJECT_VERSION = 1;
				GENERATE_INFOPLIST_FILE = YES;
				IPHONEOS_DEPLOYMENT_TARGET = 16.2;
				MARKETING_VERSION = 1.0;
				PRODUCT_BUNDLE_IDENTIFIER = com.kahbyte.AnimationsTests;
				PRODUCT_NAME = "$(TARGET_NAME)";
				SWIFT_EMIT_LOC_STRINGS = NO;
				SWIFT_VERSION = 5.0;
				TARGETED_DEVICE_FAMILY = "1,2";
				TEST_HOST = "$(BUILT_PRODUCTS_DIR)/Animations.app/$(BUNDLE_EXECUTABLE_FOLDER_PATH)/Animations";
			};
			name = Release;
		};
		581837C22AA629D3008ADCAE /* Debug */ = {
			isa = XCBuildConfiguration;
			buildSettings = {
				ALWAYS_EMBED_SWIFT_STANDARD_LIBRARIES = YES;
				CODE_SIGN_STYLE = Automatic;
				CURRENT_PROJECT_VERSION = 1;
				GENERATE_INFOPLIST_FILE = YES;
				MARKETING_VERSION = 1.0;
				PRODUCT_BUNDLE_IDENTIFIER = com.kahbyte.AnimationsUITests;
				PRODUCT_NAME = "$(TARGET_NAME)";
				SWIFT_EMIT_LOC_STRINGS = NO;
				SWIFT_VERSION = 5.0;
				TARGETED_DEVICE_FAMILY = "1,2";
				TEST_TARGET_NAME = Animations;
			};
			name = Debug;
		};
		581837C32AA629D3008ADCAE /* Release */ = {
			isa = XCBuildConfiguration;
			buildSettings = {
				ALWAYS_EMBED_SWIFT_STANDARD_LIBRARIES = YES;
				CODE_SIGN_STYLE = Automatic;
				CURRENT_PROJECT_VERSION = 1;
				GENERATE_INFOPLIST_FILE = YES;
				MARKETING_VERSION = 1.0;
				PRODUCT_BUNDLE_IDENTIFIER = com.kahbyte.AnimationsUITests;
				PRODUCT_NAME = "$(TARGET_NAME)";
				SWIFT_EMIT_LOC_STRINGS = NO;
				SWIFT_VERSION = 5.0;
				TARGETED_DEVICE_FAMILY = "1,2";
				TEST_TARGET_NAME = Animations;
			};
			name = Release;
		};
/* End XCBuildConfiguration section */

/* Begin XCConfigurationList section */
		581837922AA629D0008ADCAE /* Build configuration list for PBXProject "Animations" */ = {
			isa = XCConfigurationList;
			buildConfigurations = (
				581837B92AA629D3008ADCAE /* Debug */,
				581837BA2AA629D3008ADCAE /* Release */,
			);
			defaultConfigurationIsVisible = 0;
			defaultConfigurationName = Release;
		};
		581837BB2AA629D3008ADCAE /* Build configuration list for PBXNativeTarget "Animations" */ = {
			isa = XCConfigurationList;
			buildConfigurations = (
				581837BC2AA629D3008ADCAE /* Debug */,
				581837BD2AA629D3008ADCAE /* Release */,
			);
			defaultConfigurationIsVisible = 0;
			defaultConfigurationName = Release;
		};
		581837BE2AA629D3008ADCAE /* Build configuration list for PBXNativeTarget "AnimationsTests" */ = {
			isa = XCConfigurationList;
			buildConfigurations = (
				581837BF2AA629D3008ADCAE /* Debug */,
				581837C02AA629D3008ADCAE /* Release */,
			);
			defaultConfigurationIsVisible = 0;
			defaultConfigurationName = Release;
		};
		581837C12AA629D3008ADCAE /* Build configuration list for PBXNativeTarget "AnimationsUITests" */ = {
			isa = XCConfigurationList;
			buildConfigurations = (
				581837C22AA629D3008ADCAE /* Debug */,
				581837C32AA629D3008ADCAE /* Release */,
			);
			defaultConfigurationIsVisible = 0;
			defaultConfigurationName = Release;
		};
/* End XCConfigurationList section */
	};
	rootObject = 5818378F2AA629D0008ADCAE /* Project object */;
}
